
Microsoft Visual Studio Solution File, Format Version 12.00
# Visual Studio Version 16
VisualStudioVersion = 16.0.29911.84
MinimumVisualStudioVersion = 10.0.40219.1
Project("{FAE04EC0-301F-11D3-BF4B-00C04F79EFBC}") = "Store_Automation", "VTYS-Mobilay_Magazasi\Store_Automation.csproj", "{C710F84A-68EF-40F9-A250-6857C0643E95}"
EndProject
Global
	GlobalSection(SolutionConfigurationPlatforms) = preSolution
		Debug|Any CPU = Debug|Any CPU
		Release|Any CPU = Release|Any CPU
	EndGlobalSection
	GlobalSection(ProjectConfigurationPlatforms) = postSolution
		{C710F84A-68EF-40F9-A250-6857C0643E95}.Debug|Any CPU.ActiveCfg = Debug|Any CPU
		{C710F84A-68EF-40F9-A250-6857C0643E95}.Debug|Any CPU.Build.0 = Debug|Any CPU
		{C710F84A-68EF-40F9-A250-6857C0643E95}.Release|Any CPU.ActiveCfg = Release|Any CPU
		{C710F84A-68EF-40F9-A250-6857C0643E95}.Release|Any CPU.Build.0 = Release|Any CPU
	EndGlobalSection
	GlobalSection(SolutionProperties) = preSolution
		HideSolutionNode = FALSE
	EndGlobalSection
	GlobalSection(ExtensibilityGlobals) = postSolution
		SolutionGuid = {9AD9FD67-8AF2-46A2-A62C-9042AA286DB6}
	EndGlobalSection
EndGlobal
